// !$*UTF8*$!
{
	archiveVersion = 1;
	classes = {
	};
	objectVersion = 50;
	objects = {

/* Begin PBXBuildFile section */
		396A699025105A9F00774237 /* AppDelegate.swift in Sources */ = {isa = PBXBuildFile; fileRef = 396A698F25105A9F00774237 /* AppDelegate.swift */; };
		396A699225105A9F00774237 /* SceneDelegate.swift in Sources */ = {isa = PBXBuildFile; fileRef = 396A699125105A9F00774237 /* SceneDelegate.swift */; };
		396A699425105A9F00774237 /* ViewController.swift in Sources */ = {isa = PBXBuildFile; fileRef = 396A699325105A9F00774237 /* ViewController.swift */; };
		396A699925105AA400774237 /* Assets.xcassets in Resources */ = {isa = PBXBuildFile; fileRef = 396A699825105AA400774237 /* Assets.xcassets */; };
		396A699C25105AA400774237 /* LaunchScreen.storyboard in Resources */ = {isa = PBXBuildFile; fileRef = 396A699A25105AA400774237 /* LaunchScreen.storyboard */; };
		396A69A725105AA400774237 /* AlertViewReleaseIssueTests.swift in Sources */ = {isa = PBXBuildFile; fileRef = 396A69A625105AA400774237 /* AlertViewReleaseIssueTests.swift */; };
/* End PBXBuildFile section */

/* Begin PBXContainerItemProxy section */
		396A69A325105AA400774237 /* PBXContainerItemProxy */ = {
			isa = PBXContainerItemProxy;
			containerPortal = 396A698425105A9F00774237 /* Project object */;
			proxyType = 1;
			remoteGlobalIDString = 396A698B25105A9F00774237;
			remoteInfo = AlertViewReleaseIssue;
		};
/* End PBXContainerItemProxy section */

/* Begin PBXFileReference section */
		396A698C25105A9F00774237 /* AlertViewReleaseIssue.app */ = {isa = PBXFileReference; explicitFileType = wrapper.application; includeInIndex = 0; path = AlertViewReleaseIssue.app; sourceTree = BUILT_PRODUCTS_DIR; };
		396A698F25105A9F00774237 /* AppDelegate.swift */ = {isa = PBXFileReference; lastKnownFileType = sourcecode.swift; path = AppDelegate.swift; sourceTree = "<group>"; };
		396A699125105A9F00774237 /* SceneDelegate.swift */ = {isa = PBXFileReference; lastKnownFileType = sourcecode.swift; path = SceneDelegate.swift; sourceTree = "<group>"; };
		396A699325105A9F00774237 /* ViewController.swift */ = {isa = PBXFileReference; lastKnownFileType = sourcecode.swift; path = ViewController.swift; sourceTree = "<group>"; };
		396A699825105AA400774237 /* Assets.xcassets */ = {isa = PBXFileReference; lastKnownFileType = folder.assetcatalog; path = Assets.xcassets; sourceTree = "<group>"; };
		396A699B25105AA400774237 /* Base */ = {isa = PBXFileReference; lastKnownFileType = file.storyboard; name = Base; path = Base.lproj/LaunchScreen.storyboard; sourceTree = "<group>"; };
		396A699D25105AA400774237 /* Info.plist */ = {isa = PBXFileReference; lastKnownFileType = text.plist.xml; path = Info.plist; sourceTree = "<group>"; };
		396A69A225105AA400774237 /* AlertViewReleaseIssueTests.xctest */ = {isa = PBXFileReference; explicitFileType = wrapper.cfbundle; includeInIndex = 0; path = AlertViewReleaseIssueTests.xctest; sourceTree = BUILT_PRODUCTS_DIR; };
		396A69A625105AA400774237 /* AlertViewReleaseIssueTests.swift */ = {isa = PBXFileReference; lastKnownFileType = sourcecode.swift; path = AlertViewReleaseIssueTests.swift; sourceTree = "<group>"; };
		396A69A825105AA400774237 /* Info.plist */ = {isa = PBXFileReference; lastKnownFileType = text.plist.xml; path = Info.plist; sourceTree = "<group>"; };
/* End PBXFileReference section */

/* Begin PBXFrameworksBuildPhase section */
		396A698925105A9F00774237 /* Frameworks */ = {
			isa = PBXFrameworksBuildPhase;
			buildActionMask = 2147483647;
			files = (
			);
			runOnlyForDeploymentPostprocessing = 0;
		};
		396A699F25105AA400774237 /* Frameworks */ = {
			isa = PBXFrameworksBuildPhase;
			buildActionMask = 2147483647;
			files = (
			);
			runOnlyForDeploymentPostprocessing = 0;
		};
/* End PBXFrameworksBuildPhase section */

/* Begin PBXGroup section */
		396A698325105A9F00774237 = {
			isa = PBXGroup;
			children = (
				396A698E25105A9F00774237 /* AlertViewReleaseIssue */,
				396A69A525105AA400774237 /* AlertViewReleaseIssueTests */,
				396A698D25105A9F00774237 /* Products */,
			);
			sourceTree = "<group>";
		};
		396A698D25105A9F00774237 /* Products */ = {
			isa = PBXGroup;
			children = (
				396A698C25105A9F00774237 /* AlertViewReleaseIssue.app */,
				396A69A225105AA400774237 /* AlertViewReleaseIssueTests.xctest */,
			);
			name = Products;
			sourceTree = "<group>";
		};
		396A698E25105A9F00774237 /* AlertViewReleaseIssue */ = {
			isa = PBXGroup;
			children = (
				396A698F25105A9F00774237 /* AppDelegate.swift */,
				396A699125105A9F00774237 /* SceneDelegate.swift */,
				396A699325105A9F00774237 /* ViewController.swift */,
				396A699825105AA400774237 /* Assets.xcassets */,
				396A699A25105AA400774237 /* LaunchScreen.storyboard */,
				396A699D25105AA400774237 /* Info.plist */,
			);
			path = AlertViewReleaseIssue;
			sourceTree = "<group>";
		};
		396A69A525105AA400774237 /* AlertViewReleaseIssueTests */ = {
			isa = PBXGroup;
			children = (
				396A69A625105AA400774237 /* AlertViewReleaseIssueTests.swift */,
				396A69A825105AA400774237 /* Info.plist */,
			);
			path = AlertViewReleaseIssueTests;
			sourceTree = "<group>";
		};
/* End PBXGroup section */

/* Begin PBXNativeTarget section */
		396A698B25105A9F00774237 /* AlertViewReleaseIssue */ = {
			isa = PBXNativeTarget;
			buildConfigurationList = 396A69AB25105AA400774237 /* Build configuration list for PBXNativeTarget "AlertViewReleaseIssue" */;
			buildPhases = (
				396A698825105A9F00774237 /* Sources */,
				396A698925105A9F00774237 /* Frameworks */,
				396A698A25105A9F00774237 /* Resources */,
			);
			buildRules = (
			);
			dependencies = (
			);
			name = AlertViewReleaseIssue;
			productName = AlertViewReleaseIssue;
			productReference = 396A698C25105A9F00774237 /* AlertViewReleaseIssue.app */;
			productType = "com.apple.product-type.application";
		};
		396A69A125105AA400774237 /* AlertViewReleaseIssueTests */ = {
			isa = PBXNativeTarget;
			buildConfigurationList = 396A69AE25105AA400774237 /* Build configuration list for PBXNativeTarget "AlertViewReleaseIssueTests" */;
			buildPhases = (
				396A699E25105AA400774237 /* Sources */,
				396A699F25105AA400774237 /* Frameworks */,
				396A69A025105AA400774237 /* Resources */,
			);
			buildRules = (
			);
			dependencies = (
				396A69A425105AA400774237 /* PBXTargetDependency */,
			);
			name = AlertViewReleaseIssueTests;
			productName = AlertViewReleaseIssueTests;
			productReference = 396A69A225105AA400774237 /* AlertViewReleaseIssueTests.xctest */;
			productType = "com.apple.product-type.bundle.unit-test";
		};
/* End PBXNativeTarget section */

/* Begin PBXProject section */
		396A698425105A9F00774237 /* Project object */ = {
			isa = PBXProject;
			attributes = {
				LastSwiftUpdateCheck = 1170;
				LastUpgradeCheck = 1170;
				ORGANIZATIONNAME = Min;
				TargetAttributes = {
					396A698B25105A9F00774237 = {
						CreatedOnToolsVersion = 11.7;
					};
					396A69A125105AA400774237 = {
						CreatedOnToolsVersion = 11.7;
						TestTargetID = 396A698B25105A9F00774237;
					};
				};
			};
			buildConfigurationList = 396A698725105A9F00774237 /* Build configuration list for PBXProject "AlertViewReleaseIssue" */;
			compatibilityVersion = "Xcode 9.3";
			developmentRegion = en;
			hasScannedForEncodings = 0;
			knownRegions = (
				en,
				Base,
			);
			mainGroup = 396A698325105A9F00774237;
			productRefGroup = 396A698D25105A9F00774237 /* Products */;
			projectDirPath = "";
			projectRoot = "";
			targets = (
				396A698B25105A9F00774237 /* AlertViewReleaseIssue */,
				396A69A125105AA400774237 /* AlertViewReleaseIssueTests */,
			);
		};
/* End PBXProject section */

/* Begin PBXResourcesBuildPhase section */
		396A698A25105A9F00774237 /* Resources */ = {
			isa = PBXResourcesBuildPhase;
			buildActionMask = 2147483647;
			files = (
				396A699C25105AA400774237 /* LaunchScreen.storyboard in Resources */,
				396A699925105AA400774237 /* Assets.xcassets in Resources */,
			);
			runOnlyForDeploymentPostprocessing = 0;
		};
		396A69A025105AA400774237 /* Resources */ = {
			isa = PBXResourcesBuildPhase;
			buildActionMask = 2147483647;
			files = (
			);
			runOnlyForDeploymentPostprocessing = 0;
		};
/* End PBXResourcesBuildPhase section */

/* Begin PBXSourcesBuildPhase section */
		396A698825105A9F00774237 /* Sources */ = {
			isa = PBXSourcesBuildPhase;
			buildActionMask = 2147483647;
			files = (
				396A699425105A9F00774237 /* ViewController.swift in Sources */,
				396A699025105A9F00774237 /* AppDelegate.swift in Sources */,
				396A699225105A9F00774237 /* SceneDelegate.swift in Sources */,
			);
			runOnlyForDeploymentPostprocessing = 0;
		};
		396A699E25105AA400774237 /* Sources */ = {
			isa = PBXSourcesBuildPhase;
			buildActionMask = 2147483647;
			files = (
				396A69A725105AA400774237 /* AlertViewReleaseIssueTests.swift in Sources */,
			);
			runOnlyForDeploymentPostprocessing = 0;
		};
/* End PBXSourcesBuildPhase section */

/* Begin PBXTargetDependency section */
		396A69A425105AA400774237 /* PBXTargetDependency */ = {
			isa = PBXTargetDependency;
			target = 396A698B25105A9F00774237 /* AlertViewReleaseIssue */;
			targetProxy = 396A69A325105AA400774237 /* PBXContainerItemProxy */;
		};
/* End PBXTargetDependency section */

/* Begin PBXVariantGroup section */
		396A699A25105AA400774237 /* LaunchScreen.storyboard */ = {
			isa = PBXVariantGroup;
			children = (
				396A699B25105AA400774237 /* Base */,
			);
			name = LaunchScreen.storyboard;
			sourceTree = "<group>";
		};
/* End PBXVariantGroup section */

/* Begin XCBuildConfiguration section */
		396A69A925105AA400774237 /* Debug */ = {
			isa = XCBuildConfiguration;
			buildSettings = {
				ALWAYS_SEARCH_USER_PATHS = NO;
				CLANG_ANALYZER_NONNULL = YES;
				CLANG_ANALYZER_NUMBER_OBJECT_CONVERSION = YES_AGGRESSIVE;
				CLANG_CXX_LANGUAGE_STANDARD = "gnu++14";
				CLANG_CXX_LIBRARY = "libc++";
				CLANG_ENABLE_MODULES = YES;
				CLANG_ENABLE_OBJC_ARC = YES;
				CLANG_ENABLE_OBJC_WEAK = YES;
				CLANG_WARN_BLOCK_CAPTURE_AUTORELEASING = YES;
				CLANG_WARN_BOOL_CONVERSION = YES;
				CLANG_WARN_COMMA = YES;
				CLANG_WARN_CONSTANT_CONVERSION = YES;
				CLANG_WARN_DEPRECATED_OBJC_IMPLEMENTATIONS = YES;
				CLANG_WARN_DIRECT_OBJC_ISA_USAGE = YES_ERROR;
				CLANG_WARN_DOCUMENTATION_COMMENTS = YES;
				CLANG_WARN_EMPTY_BODY = YES;
				CLANG_WARN_ENUM_CONVERSION = YES;
				CLANG_WARN_INFINITE_RECURSION = YES;
				CLANG_WARN_INT_CONVERSION = YES;
				CLANG_WARN_NON_LITERAL_NULL_CONVERSION = YES;
				CLANG_WARN_OBJC_IMPLICIT_RETAIN_SELF = YES;
				CLANG_WARN_OBJC_LITERAL_CONVERSION = YES;
				CLANG_WARN_OBJC_ROOT_CLASS = YES_ERROR;
				CLANG_WARN_RANGE_LOOP_ANALYSIS = YES;
				CLANG_WARN_STRICT_PROTOTYPES = YES;
				CLANG_WARN_SUSPICIOUS_MOVE = YES;
				CLANG_WARN_UNGUARDED_AVAILABILITY = YES_AGGRESSIVE;
				CLANG_WARN_UNREACHABLE_CODE = YES;
				CLANG_WARN__DUPLICATE_METHOD_MATCH = YES;
				COPY_PHASE_STRIP = NO;
				DEBUG_INFORMATION_FORMAT = dwarf;
				ENABLE_STRICT_OBJC_MSGSEND = YES;
				ENABLE_TESTABILITY = YES;
				GCC_C_LANGUAGE_STANDARD = gnu11;
				GCC_DYNAMIC_NO_PIC = NO;
				GCC_NO_COMMON_BLOCKS = YES;
				GCC_OPTIMIZATION_LEVEL = 0;
				GCC_PREPROCESSOR_DEFINITIONS = (
					"DEBUG=1",
					"$(inherited)",
				);
				GCC_WARN_64_TO_32_BIT_CONVERSION = YES;
				GCC_WARN_ABOUT_RETURN_TYPE = YES_ERROR;
				GCC_WARN_UNDECLARED_SELECTOR = YES;
				GCC_WARN_UNINITIALIZED_AUTOS = YES_AGGRESSIVE;
				GCC_WARN_UNUSED_FUNCTION = YES;
				GCC_WARN_UNUSED_VARIABLE = YES;
				IPHONEOS_DEPLOYMENT_TARGET = 13.7;
				MTL_ENABLE_DEBUG_INFO = INCLUDE_SOURCE;
				MTL_FAST_MATH = YES;
				ONLY_ACTIVE_ARCH = YES;
				SDKROOT = iphoneos;
				SWIFT_ACTIVE_COMPILATION_CONDITIONS = DEBUG;
				SWIFT_OPTIMIZATION_LEVEL = "-Onone";
			};
			name = Debug;
		};
		396A69AA25105AA400774237 /* Release */ = {
			isa = XCBuildConfiguration;
			buildSettings = {
				ALWAYS_SEARCH_USER_PATHS = NO;
				CLANG_ANALYZER_NONNULL = YES;
				CLANG_ANALYZER_NUMBER_OBJECT_CONVERSION = YES_AGGRESSIVE;
				CLANG_CXX_LANGUAGE_STANDARD = "gnu++14";
				CLANG_CXX_LIBRARY = "libc++";
				CLANG_ENABLE_MODULES = YES;
				CLANG_ENABLE_OBJC_ARC = YES;
				CLANG_ENABLE_OBJC_WEAK = YES;
				CLANG_WARN_BLOCK_CAPTURE_AUTORELEASING = YES;
				CLANG_WARN_BOOL_CONVERSION = YES;
				CLANG_WARN_COMMA = YES;
				CLANG_WARN_CONSTANT_CONVERSION = YES;
				CLANG_WARN_DEPRECATED_OBJC_IMPLEMENTATIONS = YES;
				CLANG_WARN_DIRECT_OBJC_ISA_USAGE = YES_ERROR;
				CLANG_WARN_DOCUMENTATION_COMMENTS = YES;
				CLANG_WARN_EMPTY_BODY = YES;
				CLANG_WARN_ENUM_CONVERSION = YES;
				CLANG_WARN_INFINITE_RECURSION = YES;
				CLANG_WARN_INT_CONVERSION = YES;
				CLANG_WARN_NON_LITERAL_NULL_CONVERSION = YES;
				CLANG_WARN_OBJC_IMPLICIT_RETAIN_SELF = YES;
				CLANG_WARN_OBJC_LITERAL_CONVERSION = YES;
				CLANG_WARN_OBJC_ROOT_CLASS = YES_ERROR;
				CLANG_WARN_RANGE_LOOP_ANALYSIS = YES;
				CLANG_WARN_STRICT_PROTOTYPES = YES;
				CLANG_WARN_SUSPICIOUS_MOVE = YES;
				CLANG_WARN_UNGUARDED_AVAILABILITY = YES_AGGRESSIVE;
				CLANG_WARN_UNREACHABLE_CODE = YES;
				CLANG_WARN__DUPLICATE_METHOD_MATCH = YES;
				COPY_PHASE_STRIP = NO;
				DEBUG_INFORMATION_FORMAT = "dwarf-with-dsym";
				ENABLE_NS_ASSERTIONS = NO;
				ENABLE_STRICT_OBJC_MSGSEND = YES;
				GCC_C_LANGUAGE_STANDARD = gnu11;
				GCC_NO_COMMON_BLOCKS = YES;
				GCC_WARN_64_TO_32_BIT_CONVERSION = YES;
				GCC_WARN_ABOUT_RETURN_TYPE = YES_ERROR;
				GCC_WARN_UNDECLARED_SELECTOR = YES;
				GCC_WARN_UNINITIALIZED_AUTOS = YES_AGGRESSIVE;
				GCC_WARN_UNUSED_FUNCTION = YES;
				GCC_WARN_UNUSED_VARIABLE = YES;
				IPHONEOS_DEPLOYMENT_TARGET = 13.7;
				MTL_ENABLE_DEBUG_INFO = NO;
				MTL_FAST_MATH = YES;
				SDKROOT = iphoneos;
				SWIFT_COMPILATION_MODE = wholemodule;
				SWIFT_OPTIMIZATION_LEVEL = "-O";
				VALIDATE_PRODUCT = YES;
			};
			name = Release;
		};
		396A69AC25105AA400774237 /* Debug */ = {
			isa = XCBuildConfiguration;
			buildSettings = {
				ASSETCATALOG_COMPILER_APPICON_NAME = AppIcon;
				CODE_SIGN_STYLE = Automatic;
				DEVELOPMENT_TEAM = 2W4XUH8LUQ;
				INFOPLIST_FILE = AlertViewReleaseIssue/Info.plist;
				LD_RUNPATH_SEARCH_PATHS = (
					"$(inherited)",
					"@executable_path/Frameworks",
				);
				PRODUCT_BUNDLE_IDENTIFIER = com.min.AlertViewReleaseIssue;
				PRODUCT_NAME = "$(TARGET_NAME)";
				SWIFT_VERSION = 5.0;
				TARGETED_DEVICE_FAMILY = "1,2";
			};
			name = Debug;
		};
		396A69AD25105AA400774237 /* Release */ = {
			isa = XCBuildConfiguration;
			buildSettings = {
				ASSETCATALOG_COMPILER_APPICON_NAME = AppIcon;
				CODE_SIGN_STYLE = Automatic;
				DEVELOPMENT_TEAM = 2W4XUH8LUQ;
				INFOPLIST_FILE = AlertViewReleaseIssue/Info.plist;
				LD_RUNPATH_SEARCH_PATHS = (
					"$(inherited)",
					"@executable_path/Frameworks",
				);
				PRODUCT_BUNDLE_IDENTIFIER = com.min.AlertViewReleaseIssue;
				PRODUCT_NAME = "$(TARGET_NAME)";
				SWIFT_VERSION = 5.0;
				TARGETED_DEVICE_FAMILY = "1,2";
			};
			name = Release;
		};
		396A69AF25105AA400774237 /* Debug */ = {
			isa = XCBuildConfiguration;
			buildSettings = {
				ALWAYS_EMBED_SWIFT_STANDARD_LIBRARIES = YES;
				BUNDLE_LOADER = "$(TEST_HOST)";
				CODE_SIGN_STYLE = Automatic;
				DEVELOPMENT_TEAM = 2W4XUH8LUQ;
				INFOPLIST_FILE = AlertViewReleaseIssueTests/Info.plist;
				IPHONEOS_DEPLOYMENT_TARGET = 13.7;
				LD_RUNPATH_SEARCH_PATHS = (
					"$(inherited)",
					"@executable_path/Frameworks",
					"@loader_path/Frameworks",
				);
				PRODUCT_BUNDLE_IDENTIFIER = com.min.AlertViewReleaseIssueTests;
				PRODUCT_NAME = "$(TARGET_NAME)";
				SWIFT_VERSION = 5.0;
				TARGETED_DEVICE_FAMILY = "1,2";
				TEST_HOST = "$(BUILT_PRODUCTS_DIR)/AlertViewReleaseIssue.app/AlertViewReleaseIssue";
			};
			name = Debug;
		};
		396A69B025105AA400774237 /* Release */ = {
			isa = XCBuildConfiguration;
			buildSettings = {
				ALWAYS_EMBED_SWIFT_STANDARD_LIBRARIES = YES;
				BUNDLE_LOADER = "$(TEST_HOST)";
				CODE_SIGN_STYLE = Automatic;
				DEVELOPMENT_TEAM = 2W4XUH8LUQ;
				INFOPLIST_FILE = AlertViewReleaseIssueTests/Info.plist;
				IPHONEOS_DEPLOYMENT_TARGET = 13.7;
				LD_RUNPATH_SEARCH_PATHS = (
					"$(inherited)",
					"@executable_path/Frameworks",
					"@loader_path/Frameworks",
				);
				PRODUCT_BUNDLE_IDENTIFIER = com.min.AlertViewReleaseIssueTests;
				PRODUCT_NAME = "$(TARGET_NAME)";
				SWIFT_VERSION = 5.0;
				TARGETED_DEVICE_FAMILY = "1,2";
				TEST_HOST = "$(BUILT_PRODUCTS_DIR)/AlertViewReleaseIssue.app/AlertViewReleaseIssue";
			};
			name = Release;
		};
/* End XCBuildConfiguration section */

/* Begin XCConfigurationList section */
		396A698725105A9F00774237 /* Build configuration list for PBXProject "AlertViewReleaseIssue" */ = {
			isa = XCConfigurationList;
			buildConfigurations = (
				396A69A925105AA400774237 /* Debug */,
				396A69AA25105AA400774237 /* Release */,
			);
			defaultConfigurationIsVisible = 0;
			defaultConfigurationName = Release;
		};
		396A69AB25105AA400774237 /* Build configuration list for PBXNativeTarget "AlertViewReleaseIssue" */ = {
			isa = XCConfigurationList;
			buildConfigurations = (
				396A69AC25105AA400774237 /* Debug */,
				396A69AD25105AA400774237 /* Release */,
			);
			defaultConfigurationIsVisible = 0;
			defaultConfigurationName = Release;
		};
		396A69AE25105AA400774237 /* Build configuration list for PBXNativeTarget "AlertViewReleaseIssueTests" */ = {
			isa = XCConfigurationList;
			buildConfigurations = (
				396A69AF25105AA400774237 /* Debug */,
				396A69B025105AA400774237 /* Release */,
			);
			defaultConfigurationIsVisible = 0;
			defaultConfigurationName = Release;
		};
/* End XCConfigurationList section */
	};
	rootObject = 396A698425105A9F00774237 /* Project object */;
}
